<Solution>
  <Project Path="UnityEngine.UI.csproj" />
  <Project Path="asset-store-tools-editor.csproj" />
  <Project Path="UnityEditor.UI.csproj" />
  <Project Path="UnityEngine.TestRunner.csproj" />
  <Project Path="SCG.UnityAssetPublisherTools.Editor.Tests.csproj" />
  <Project Path="UnityEditor.UI.Analytics.csproj" />
  <Project Path="UnityEditor.TestRunner.csproj" />
  <Project Path="SCG.UnityAssetPublisherTools.csproj" />
  <Project Path="Unity.TextMeshPro.Editor.csproj" />
  <Project Path="Unity.TextMeshPro.csproj" />
</Solution>
